
Microsoft Visual Studio Solution File, Format Version 12.00
# Visual Studio Version 17
VisualStudioVersion = 17.9.34902.65
MinimumVisualStudioVersion = 10.0.40219.1
Project("{2150E333-8FDC-42A3-9474-1A3956D46DE8}") = "Services", "Services", "{CD2802EE-267B-4F5C-A676-BADF573A4CD5}"
EndProject
Project("{2150E333-8FDC-42A3-9474-1A3956D46DE8}") = "Catalog", "Catalog", "{BD2E5978-9F5F-4110-B23F-FB00A6EACBC4}"
EndProject
Project("{9A19103F-16F7-4668-BE54-9A1E7A4F7556}") = "Catalog.API", "Services\Catalog\Catalog.API\Catalog.API.csproj", "{9FC49453-85E0-4543-B16C-FA00114F67B4}"
EndProject
Project("{2150E333-8FDC-42A3-9474-1A3956D46DE8}") = "BuildingBlocks", "BuildingBlocks", "{14821056-B617-4F19-AC61-E592E6CD1EC5}"
EndProject
Project("{9A19103F-16F7-4668-BE54-9A1E7A4F7556}") = "BuildingBlocks", "BuildingBlocks\BuildingBlocks\BuildingBlocks.csproj", "{706BF1E9-9C15-47AE-AC1C-4594A318E2B8}"
EndProject
Project("{E53339B2-1760-4266-BCC7-CA923CBCF16C}") = "docker-compose", "docker-compose.dcproj", "{81D84B57-5F77-4E1A-A1FD-5617FC47641A}"
EndProject
Project("{2150E333-8FDC-42A3-9474-1A3956D46DE8}") = "Basket", "Basket", "{387E19B9-8DBF-4116-B7BD-C70F6314F576}"
EndProject
Project("{9A19103F-16F7-4668-BE54-9A1E7A4F7556}") = "Basket.API", "Services\Basket\Basket.API\Basket.API.csproj", "{E76CDB2B-E03E-40AD-8E5B-FF8A7D62B71F}"
EndProject
Project("{2150E333-8FDC-42A3-9474-1A3956D46DE8}") = "Discount", "Discount", "{387E5821-4C20-4478-8511-ADB99942495A}"
EndProject
Project("{9A19103F-16F7-4668-BE54-9A1E7A4F7556}") = "Discount.Grpc", "Services\Discount\Discount.Grpc\Discount.Grpc.csproj", "{79F36DB4-4CFA-46BD-9213-098D6897F0BE}"
EndProject
Project("{2150E333-8FDC-42A3-9474-1A3956D46DE8}") = "Ordering", "Ordering", "{CC825CFB-A7FB-4BA6-BE01-8C2458CA56F3}"
EndProject
Project("{FAE04EC0-301F-11D3-BF4B-00C04F79EFBC}") = "Ordering.API", "Services\Ordering\Ordering.API\Ordering.API.csproj", "{4834032A-1A78-44DE-94DD-AE9FB6575459}"
EndProject
Global
	GlobalSection(SolutionConfigurationPlatforms) = preSolution
		Debug|Any CPU = Debug|Any CPU
		Release|Any CPU = Release|Any CPU
	EndGlobalSection
	GlobalSection(ProjectConfigurationPlatforms) = postSolution
		{9FC49453-85E0-4543-B16C-FA00114F67B4}.Debug|Any CPU.ActiveCfg = Debug|Any CPU
		{9FC49453-85E0-4543-B16C-FA00114F67B4}.Debug|Any CPU.Build.0 = Debug|Any CPU
		{9FC49453-85E0-4543-B16C-FA00114F67B4}.Release|Any CPU.ActiveCfg = Release|Any CPU
		{9FC49453-85E0-4543-B16C-FA00114F67B4}.Release|Any CPU.Build.0 = Release|Any CPU
		{706BF1E9-9C15-47AE-AC1C-4594A318E2B8}.Debug|Any CPU.ActiveCfg = Debug|Any CPU
		{706BF1E9-9C15-47AE-AC1C-4594A318E2B8}.Debug|Any CPU.Build.0 = Debug|Any CPU
		{706BF1E9-9C15-47AE-AC1C-4594A318E2B8}.Release|Any CPU.ActiveCfg = Release|Any CPU
		{706BF1E9-9C15-47AE-AC1C-4594A318E2B8}.Release|Any CPU.Build.0 = Release|Any CPU
		{81D84B57-5F77-4E1A-A1FD-5617FC47641A}.Debug|Any CPU.ActiveCfg = Debug|Any CPU
		{81D84B57-5F77-4E1A-A1FD-5617FC47641A}.Debug|Any CPU.Build.0 = Debug|Any CPU
		{81D84B57-5F77-4E1A-A1FD-5617FC47641A}.Release|Any CPU.ActiveCfg = Release|Any CPU
		{81D84B57-5F77-4E1A-A1FD-5617FC47641A}.Release|Any CPU.Build.0 = Release|Any CPU
		{E76CDB2B-E03E-40AD-8E5B-FF8A7D62B71F}.Debug|Any CPU.ActiveCfg = Debug|Any CPU
		{E76CDB2B-E03E-40AD-8E5B-FF8A7D62B71F}.Debug|Any CPU.Build.0 = Debug|Any CPU
		{E76CDB2B-E03E-40AD-8E5B-FF8A7D62B71F}.Release|Any CPU.ActiveCfg = Release|Any CPU
		{E76CDB2B-E03E-40AD-8E5B-FF8A7D62B71F}.Release|Any CPU.Build.0 = Release|Any CPU
		{79F36DB4-4CFA-46BD-9213-098D6897F0BE}.Debug|Any CPU.ActiveCfg = Debug|Any CPU
		{79F36DB4-4CFA-46BD-9213-098D6897F0BE}.Debug|Any CPU.Build.0 = Debug|Any CPU
		{79F36DB4-4CFA-46BD-9213-098D6897F0BE}.Release|Any CPU.ActiveCfg = Release|Any CPU
		{79F36DB4-4CFA-46BD-9213-098D6897F0BE}.Release|Any CPU.Build.0 = Release|Any CPU
		{4834032A-1A78-44DE-94DD-AE9FB6575459}.Debug|Any CPU.ActiveCfg = Debug|Any CPU
		{4834032A-1A78-44DE-94DD-AE9FB6575459}.Debug|Any CPU.Build.0 = Debug|Any CPU
		{4834032A-1A78-44DE-94DD-AE9FB6575459}.Release|Any CPU.ActiveCfg = Release|Any CPU
		{4834032A-1A78-44DE-94DD-AE9FB6575459}.Release|Any CPU.Build.0 = Release|Any CPU
	EndGlobalSection
	GlobalSection(SolutionProperties) = preSolution
		HideSolutionNode = FALSE
	EndGlobalSection
	GlobalSection(NestedProjects) = preSolution
		{BD2E5978-9F5F-4110-B23F-FB00A6EACBC4} = {CD2802EE-267B-4F5C-A676-BADF573A4CD5}
		{9FC49453-85E0-4543-B16C-FA00114F67B4} = {BD2E5978-9F5F-4110-B23F-FB00A6EACBC4}
		{706BF1E9-9C15-47AE-AC1C-4594A318E2B8} = {14821056-B617-4F19-AC61-E592E6CD1EC5}
		{387E19B9-8DBF-4116-B7BD-C70F6314F576} = {CD2802EE-267B-4F5C-A676-BADF573A4CD5}
		{E76CDB2B-E03E-40AD-8E5B-FF8A7D62B71F} = {387E19B9-8DBF-4116-B7BD-C70F6314F576}
		{387E5821-4C20-4478-8511-ADB99942495A} = {CD2802EE-267B-4F5C-A676-BADF573A4CD5}
		{79F36DB4-4CFA-46BD-9213-098D6897F0BE} = {387E5821-4C20-4478-8511-ADB99942495A}
		{CC825CFB-A7FB-4BA6-BE01-8C2458CA56F3} = {CD2802EE-267B-4F5C-A676-BADF573A4CD5}
		{4834032A-1A78-44DE-94DD-AE9FB6575459} = {CC825CFB-A7FB-4BA6-BE01-8C2458CA56F3}
	EndGlobalSection
	GlobalSection(ExtensibilityGlobals) = postSolution
		SolutionGuid = {E2FE4192-EBF5-4295-B85A-FFB2A9B65B1E}
	EndGlobalSection
EndGlobal
